
Microsoft Visual Studio Solution File, Format Version 12.00
# Visual Studio Version 17
VisualStudioVersion = 17.0.32014.148
MinimumVisualStudioVersion = 10.0.40219.1
Project("{FAE04EC0-301F-11D3-BF4B-00C04F79EFBC}") = "NLayer.Core", "NLayer.Core\NLayer.Core.csproj", "{4D264237-90C6-4204-BDB1-52F07C612743}"
EndProject
Project("{FAE04EC0-301F-11D3-BF4B-00C04F79EFBC}") = "NLayer.Repository", "NLayer.Repository\NLayer.Repository.csproj", "{796AEA19-79E0-43F8-9DA5-BF38FF39E5DB}"
EndProject
Project("{FAE04EC0-301F-11D3-BF4B-00C04F79EFBC}") = "NLayer.Service", "NLayer.Service\NLayer.Service.csproj", "{85B98BB2-0C81-45EA-A859-DA4A6F4284AA}"
EndProject
Project("{FAE04EC0-301F-11D3-BF4B-00C04F79EFBC}") = "NLayer.API", "NLayer.API\NLayer.API.csproj", "{32B630E4-33B2-47B1-857C-707F5458C8C3}"
EndProject
Project("{FAE04EC0-301F-11D3-BF4B-00C04F79EFBC}") = "NLayer.Web", "NLayer.Web\NLayer.Web.csproj", "{F337E042-9631-44E1-A862-F911B677CF66}"
EndProject
Project("{FAE04EC0-301F-11D3-BF4B-00C04F79EFBC}") = "NLayer.Caching", "NLayer.Caching\NLayer.Caching.csproj", "{3B9A8A8F-5BFA-4829-A777-7DFF88C3C333}"
EndProject
Global
	GlobalSection(SolutionConfigurationPlatforms) = preSolution
		Debug|Any CPU = Debug|Any CPU
		Release|Any CPU = Release|Any CPU
	EndGlobalSection
	GlobalSection(ProjectConfigurationPlatforms) = postSolution
		{4D264237-90C6-4204-BDB1-52F07C612743}.Debug|Any CPU.ActiveCfg = Debug|Any CPU
		{4D264237-90C6-4204-BDB1-52F07C612743}.Debug|Any CPU.Build.0 = Debug|Any CPU
		{4D264237-90C6-4204-BDB1-52F07C612743}.Release|Any CPU.ActiveCfg = Release|Any CPU
		{4D264237-90C6-4204-BDB1-52F07C612743}.Release|Any CPU.Build.0 = Release|Any CPU
		{796AEA19-79E0-43F8-9DA5-BF38FF39E5DB}.Debug|Any CPU.ActiveCfg = Debug|Any CPU
		{796AEA19-79E0-43F8-9DA5-BF38FF39E5DB}.Debug|Any CPU.Build.0 = Debug|Any CPU
		{796AEA19-79E0-43F8-9DA5-BF38FF39E5DB}.Release|Any CPU.ActiveCfg = Release|Any CPU
		{796AEA19-79E0-43F8-9DA5-BF38FF39E5DB}.Release|Any CPU.Build.0 = Release|Any CPU
		{85B98BB2-0C81-45EA-A859-DA4A6F4284AA}.Debug|Any CPU.ActiveCfg = Debug|Any CPU
		{85B98BB2-0C81-45EA-A859-DA4A6F4284AA}.Debug|Any CPU.Build.0 = Debug|Any CPU
		{85B98BB2-0C81-45EA-A859-DA4A6F4284AA}.Release|Any CPU.ActiveCfg = Release|Any CPU
		{85B98BB2-0C81-45EA-A859-DA4A6F4284AA}.Release|Any CPU.Build.0 = Release|Any CPU
		{32B630E4-33B2-47B1-857C-707F5458C8C3}.Debug|Any CPU.ActiveCfg = Debug|Any CPU
		{32B630E4-33B2-47B1-857C-707F5458C8C3}.Debug|Any CPU.Build.0 = Debug|Any CPU
		{32B630E4-33B2-47B1-857C-707F5458C8C3}.Release|Any CPU.ActiveCfg = Release|Any CPU
		{32B630E4-33B2-47B1-857C-707F5458C8C3}.Release|Any CPU.Build.0 = Release|Any CPU
		{F337E042-9631-44E1-A862-F911B677CF66}.Debug|Any CPU.ActiveCfg = Debug|Any CPU
		{F337E042-9631-44E1-A862-F911B677CF66}.Debug|Any CPU.Build.0 = Debug|Any CPU
		{F337E042-9631-44E1-A862-F911B677CF66}.Release|Any CPU.ActiveCfg = Release|Any CPU
		{F337E042-9631-44E1-A862-F911B677CF66}.Release|Any CPU.Build.0 = Release|Any CPU
		{3B9A8A8F-5BFA-4829-A777-7DFF88C3C333}.Debug|Any CPU.ActiveCfg = Debug|Any CPU
		{3B9A8A8F-5BFA-4829-A777-7DFF88C3C333}.Debug|Any CPU.Build.0 = Debug|Any CPU
		{3B9A8A8F-5BFA-4829-A777-7DFF88C3C333}.Release|Any CPU.ActiveCfg = Release|Any CPU
		{3B9A8A8F-5BFA-4829-A777-7DFF88C3C333}.Release|Any CPU.Build.0 = Release|Any CPU
	EndGlobalSection
	GlobalSection(SolutionProperties) = preSolution
		HideSolutionNode = FALSE
	EndGlobalSection
	GlobalSection(ExtensibilityGlobals) = postSolution
		SolutionGuid = {7D51D9C4-256F-449A-91A3-361812ABF612}
	EndGlobalSection
EndGlobal
